{
  "requires": true,
  "lockfileVersion": 1,
  "dependencies": {
    "@nestjs/swagger": {
      "version": "4.1.15",
      "resolved": "https://registry.npmjs.org/@nestjs/swagger/-/swagger-4.1.15.tgz",
      "integrity": "sha512-l1Vrur806ndWaHa9oL3mVmDABHEo5rcgaMSf/O5rU7xdrm6EV6l1tAqvcpSs8v45hXiKPSvxPj5s5E8gyS7vig==",
      "requires": {
        "lodash": "4.17.15",
        "path-to-regexp": "3.2.0"
      }
    },
    "lodash": {
      "version": "4.17.15",
      "resolved": "https://registry.npmjs.org/lodash/-/lodash-4.17.15.tgz",
      "integrity": "sha512-8xOcRHvCjnocdS5cpwXQXVzmmh5e5+saE2QGoeQmbKmRS6J3VQppPOIt0MnmE+4xlZoumy0GPG0D0MVIQbNA1A=="
    },
    "path-to-regexp": {
      "version": "3.2.0",
      "resolved": "https://registry.npmjs.org/path-to-regexp/-/path-to-regexp-3.2.0.tgz",
      "integrity": "sha512-jczvQbCUS7XmS7o+y1aEO9OBVFeZBQ1MDSEqmO7xSoPgOPoowY/SxLpZ6Vh97/8qHZOteiCKb7gkG9gA2ZUxJA=="
    }
  }
}
